Microsoft Visual Studio Solution File, Format Version 12.00
# Visual Studio Version 17
VisualStudioVersion = 17.13.35931.197
MinimumVisualStudioVersion = 10.0.40219.1
Project("{FAE04EC0-301F-11D3-BF4B-00C04F79EFBC}") = "phantom.Console.DigitalSignature", "phantom.Console.DigitalSignature.csproj", "{CDE59DC4-EA29-4D22-93B0-BE80DB8FD7E4}"
EndProject
Global
	GlobalSection(SolutionConfigurationPlatforms) = preSolution
		Debug|Any CPU = Debug|Any CPU
		Release|Any CPU = Release|Any CPU
	EndGlobalSection
	GlobalSection(ProjectConfigurationPlatforms) = postSolution
		{CDE59DC4-EA29-4D22-93B0-BE80DB8FD7E4}.Debug|Any CPU.ActiveCfg = Debug|Any CPU
		{CDE59DC4-EA29-4D22-93B0-BE80DB8FD7E4}.Debug|Any CPU.Build.0 = Debug|Any CPU
		{CDE59DC4-EA29-4D22-93B0-BE80DB8FD7E4}.Release|Any CPU.ActiveCfg = Release|Any CPU
		{CDE59DC4-EA29-4D22-93B0-BE80DB8FD7E4}.Release|Any CPU.Build.0 = Release|Any CPU
	EndGlobalSection
	GlobalSection(SolutionProperties) = preSolution
		HideSolutionNode = FALSE
	EndGlobalSection
	GlobalSection(ExtensibilityGlobals) = postSolution
		SolutionGuid = {D2F43F6F-3F2C-4CA0-A239-ED7A5A895146}
	EndGlobalSection
EndGlobal
